
Microsoft Visual Studio Solution File, Format Version 12.00
# Visual Studio Version 16
VisualStudioVersion = 16.0.30621.155
MinimumVisualStudioVersion = 10.0.40219.1
Project("{9A19103F-16F7-4668-BE54-9A1E7A4F7556}") = "CSC Assistant", "CSC Assistant.csproj", "{FB181A24-142A-42D9-B2ED-EBA347AB137B}"
EndProject
Global
	GlobalSection(SolutionConfigurationPlatforms) = preSolution
		Debug|Any CPU = Debug|Any CPU
		Release|Any CPU = Release|Any CPU
	EndGlobalSection
	GlobalSection(ProjectConfigurationPlatforms) = postSolution
		{FB181A24-142A-42D9-B2ED-EBA347AB137B}.Debug|Any CPU.ActiveCfg = Debug|Any CPU
		{FB181A24-142A-42D9-B2ED-EBA347AB137B}.Debug|Any CPU.Build.0 = Debug|Any CPU
		{FB181A24-142A-42D9-B2ED-EBA347AB137B}.Release|Any CPU.ActiveCfg = Release|Any CPU
		{FB181A24-142A-42D9-B2ED-EBA347AB137B}.Release|Any CPU.Build.0 = Release|Any CPU
	EndGlobalSection
	GlobalSection(SolutionProperties) = preSolution
		HideSolutionNode = FALSE
	EndGlobalSection
	GlobalSection(ExtensibilityGlobals) = postSolution
		SolutionGuid = {7A7C94B6-AF17-44FC-9A6F-680ADDC7F580}
	EndGlobalSection
EndGlobal
